
Microsoft Visual Studio Solution File, Format Version 12.00
# Visual Studio Version 17
VisualStudioVersion = 17.6.33815.320
MinimumVisualStudioVersion = 10.0.40219.1
Project("{FAE04EC0-301F-11D3-BF4B-00C04F79EFBC}") = "derevya", "derevya\derevya.csproj", "{CC9C6533-A131-434D-8162-59686D8DCAE7}"
EndProject
Global
	GlobalSection(SolutionConfigurationPlatforms) = preSolution
		Debug|Any CPU = Debug|Any CPU
		Release|Any CPU = Release|Any CPU
	EndGlobalSection
	GlobalSection(ProjectConfigurationPlatforms) = postSolution
		{CC9C6533-A131-434D-8162-59686D8DCAE7}.Debug|Any CPU.ActiveCfg = Debug|Any CPU
		{CC9C6533-A131-434D-8162-59686D8DCAE7}.Debug|Any CPU.Build.0 = Debug|Any CPU
		{CC9C6533-A131-434D-8162-59686D8DCAE7}.Release|Any CPU.ActiveCfg = Release|Any CPU
		{CC9C6533-A131-434D-8162-59686D8DCAE7}.Release|Any CPU.Build.0 = Release|Any CPU
	EndGlobalSection
	GlobalSection(SolutionProperties) = preSolution
		HideSolutionNode = FALSE
	EndGlobalSection
	GlobalSection(ExtensibilityGlobals) = postSolution
		SolutionGuid = {E4EE5F1D-9BDC-4E6C-8063-61960F7AC734}
	EndGlobalSection
EndGlobal
